
Microsoft Visual Studio Solution File, Format Version 12.00
# Visual Studio Version 16
VisualStudioVersion = 16.0.29020.237
MinimumVisualStudioVersion = 10.0.40219.1
Project("{FAE04EC0-301F-11D3-BF4B-00C04F79EFBC}") = "laba1", "laba1\laba1.csproj", "{DFED3B14-EF18-478D-8500-1657A18CC86C}"
EndProject
Global
	GlobalSection(SolutionConfigurationPlatforms) = preSolution
		Debug|Any CPU = Debug|Any CPU
		Release|Any CPU = Release|Any CPU
	EndGlobalSection
	GlobalSection(ProjectConfigurationPlatforms) = postSolution
		{DFED3B14-EF18-478D-8500-1657A18CC86C}.Debug|Any CPU.ActiveCfg = Debug|Any CPU
		{DFED3B14-EF18-478D-8500-1657A18CC86C}.Debug|Any CPU.Build.0 = Debug|Any CPU
		{DFED3B14-EF18-478D-8500-1657A18CC86C}.Release|Any CPU.ActiveCfg = Release|Any CPU
		{DFED3B14-EF18-478D-8500-1657A18CC86C}.Release|Any CPU.Build.0 = Release|Any CPU
	EndGlobalSection
	GlobalSection(SolutionProperties) = preSolution
		HideSolutionNode = FALSE
	EndGlobalSection
	GlobalSection(ExtensibilityGlobals) = postSolution
		SolutionGuid = {BB43A5EA-C754-4927-90E1-F76F60F2326F}
	EndGlobalSection
EndGlobal
